
Microsoft Visual Studio Solution File, Format Version 12.00
# Visual Studio 15
VisualStudioVersion = 15.0.26430.6
MinimumVisualStudioVersion = 10.0.40219.1
Project("{FAE04EC0-301F-11D3-BF4B-00C04F79EFBC}") = "Exercise_4", "Exercise_4\Exercise_4.csproj", "{4FC15FE7-A0E5-4527-9C01-F3224DCC9037}"
EndProject
Project("{FAE04EC0-301F-11D3-BF4B-00C04F79EFBC}") = "ElectronicLibrary", "ElectronicLibrary\ElectronicLibrary.csproj", "{63600F57-2528-4E85-BF5B-2C495BB4FF16}"
EndProject
Global
	GlobalSection(SolutionConfigurationPlatforms) = preSolution
		Debug|Any CPU = Debug|Any CPU
		Release|Any CPU = Release|Any CPU
	EndGlobalSection
	GlobalSection(ProjectConfigurationPlatforms) = postSolution
		{4FC15FE7-A0E5-4527-9C01-F3224DCC9037}.Debug|Any CPU.ActiveCfg = Debug|Any CPU
		{4FC15FE7-A0E5-4527-9C01-F3224DCC9037}.Debug|Any CPU.Build.0 = Debug|Any CPU
		{4FC15FE7-A0E5-4527-9C01-F3224DCC9037}.Release|Any CPU.ActiveCfg = Release|Any CPU
		{4FC15FE7-A0E5-4527-9C01-F3224DCC9037}.Release|Any CPU.Build.0 = Release|Any CPU
		{63600F57-2528-4E85-BF5B-2C495BB4FF16}.Debug|Any CPU.ActiveCfg = Debug|Any CPU
		{63600F57-2528-4E85-BF5B-2C495BB4FF16}.Debug|Any CPU.Build.0 = Debug|Any CPU
		{63600F57-2528-4E85-BF5B-2C495BB4FF16}.Release|Any CPU.ActiveCfg = Release|Any CPU
		{63600F57-2528-4E85-BF5B-2C495BB4FF16}.Release|Any CPU.Build.0 = Release|Any CPU
	EndGlobalSection
	GlobalSection(SolutionProperties) = preSolution
		HideSolutionNode = FALSE
	EndGlobalSection
EndGlobal
